// !$*UTF8*$!
{
	archiveVersion = 1;
	classes = {
	};
	objectVersion = 48;
	objects = {

/* Begin PBXBuildFile section */
		4D0686561FE945DF006F5D11 /* AppDelegate.m in Sources */ = {isa = PBXBuildFile; fileRef = 4D0686551FE945DF006F5D11 /* AppDelegate.m */; };
		4D0686591FE945DF006F5D11 /* ViewController.m in Sources */ = {isa = PBXBuildFile; fileRef = 4D0686581FE945DF006F5D11 /* ViewController.m */; };
		4D06865C1FE945DF006F5D11 /* Main.storyboard in Resources */ = {isa = PBXBuildFile; fileRef = 4D06865A1FE945DF006F5D11 /* Main.storyboard */; };
		4D06865E1FE945DF006F5D11 /* Assets.xcassets in Resources */ = {isa = PBXBuildFile; fileRef = 4D06865D1FE945DF006F5D11 /* Assets.xcassets */; };
		4D0686611FE945DF006F5D11 /* LaunchScreen.storyboard in Resources */ = {isa = PBXBuildFile; fileRef = 4D06865F1FE945DF006F5D11 /* LaunchScreen.storyboard */; };
		4D0686641FE945DF006F5D11 /* main.m in Sources */ = {isa = PBXBuildFile; fileRef = 4D0686631FE945DF006F5D11 /* main.m */; };
		4D06866E1FE945DF006F5D11 /* BBTextViewTests.m in Sources */ = {isa = PBXBuildFile; fileRef = 4D06866D1FE945DF006F5D11 /* BBTextViewTests.m */; };
		4D0686791FE945DF006F5D11 /* BBTextViewUITests.m in Sources */ = {isa = PBXBuildFile; fileRef = 4D0686781FE945DF006F5D11 /* BBTextViewUITests.m */; };
		4D2DB89A1FF21C8200B49E3C /* IBBTextView.m in Sources */ = {isa = PBXBuildFile; fileRef = 4D2DB8991FF21C8200B49E3C /* IBBTextView.m */; };
/* End PBXBuildFile section */

/* Begin PBXContainerItemProxy section */
		4D06866A1FE945DF006F5D11 /* PBXContainerItemProxy */ = {
			isa = PBXContainerItemProxy;
			containerPortal = 4D0686491FE945DF006F5D11 /* Project object */;
			proxyType = 1;
			remoteGlobalIDString = 4D0686501FE945DF006F5D11;
			remoteInfo = BBTextView;
		};
		4D0686751FE945DF006F5D11 /* PBXContainerItemProxy */ = {
			isa = PBXContainerItemProxy;
			containerPortal = 4D0686491FE945DF006F5D11 /* Project object */;
			proxyType = 1;
			remoteGlobalIDString = 4D0686501FE945DF006F5D11;
			remoteInfo = BBTextView;
		};
/* End PBXContainerItemProxy section */

/* Begin PBXFileReference section */
		4D0686511FE945DF006F5D11 /* BBTextView.app */ = {isa = PBXFileReference; explicitFileType = wrapper.application; includeInIndex = 0; path = BBTextView.app; sourceTree = BUILT_PRODUCTS_DIR; };
		4D0686541FE945DF006F5D11 /* AppDelegate.h */ = {isa = PBXFileReference; lastKnownFileType = sourcecode.c.h; path = AppDelegate.h; sourceTree = "<group>"; };
		4D0686551FE945DF006F5D11 /* AppDelegate.m */ = {isa = PBXFileReference; lastKnownFileType = sourcecode.c.objc; path = AppDelegate.m; sourceTree = "<group>"; };
		4D0686571FE945DF006F5D11 /* ViewController.h */ = {isa = PBXFileReference; lastKnownFileType = sourcecode.c.h; path = ViewController.h; sourceTree = "<group>"; };
		4D0686581FE945DF006F5D11 /* ViewController.m */ = {isa = PBXFileReference; lastKnownFileType = sourcecode.c.objc; path = ViewController.m; sourceTree = "<group>"; };
		4D06865B1FE945DF006F5D11 /* Base */ = {isa = PBXFileReference; lastKnownFileType = file.storyboard; name = Base; path = Base.lproj/Main.storyboard; sourceTree = "<group>"; };
		4D06865D1FE945DF006F5D11 /* Assets.xcassets */ = {isa = PBXFileReference; lastKnownFileType = folder.assetcatalog; path = Assets.xcassets; sourceTree = "<group>"; };
		4D0686601FE945DF006F5D11 /* Base */ = {isa = PBXFileReference; lastKnownFileType = file.storyboard; name = Base; path = Base.lproj/LaunchScreen.storyboard; sourceTree = "<group>"; };
		4D0686621FE945DF006F5D11 /* Info.plist */ = {isa = PBXFileReference; lastKnownFileType = text.plist.xml; path = Info.plist; sourceTree = "<group>"; };
		4D0686631FE945DF006F5D11 /* main.m */ = {isa = PBXFileReference; lastKnownFileType = sourcecode.c.objc; path = main.m; sourceTree = "<group>"; };
		4D0686691FE945DF006F5D11 /* BBTextViewTests.xctest */ = {isa = PBXFileReference; explicitFileType = wrapper.cfbundle; includeInIndex = 0; path = BBTextViewTests.xctest; sourceTree = BUILT_PRODUCTS_DIR; };
		4D06866D1FE945DF006F5D11 /* BBTextViewTests.m */ = {isa = PBXFileReference; lastKnownFileType = sourcecode.c.objc; path = BBTextViewTests.m; sourceTree = "<group>"; };
		4D06866F1FE945DF006F5D11 /* Info.plist */ = {isa = PBXFileReference; lastKnownFileType = text.plist.xml; path = Info.plist; sourceTree = "<group>"; };
		4D0686741FE945DF006F5D11 /* BBTextViewUITests.xctest */ = {isa = PBXFileReference; explicitFileType = wrapper.cfbundle; includeInIndex = 0; path = BBTextViewUITests.xctest; sourceTree = BUILT_PRODUCTS_DIR; };
		4D0686781FE945DF006F5D11 /* BBTextViewUITests.m */ = {isa = PBXFileReference; lastKnownFileType = sourcecode.c.objc; path = BBTextViewUITests.m; sourceTree = "<group>"; };
		4D06867A1FE945DF006F5D11 /* Info.plist */ = {isa = PBXFileReference; lastKnownFileType = text.plist.xml; path = Info.plist; sourceTree = "<group>"; };
		4D2DB8981FF21C8200B49E3C /* IBBTextView.h */ = {isa = PBXFileReference; lastKnownFileType = sourcecode.c.h; path = IBBTextView.h; sourceTree = "<group>"; };
		4D2DB8991FF21C8200B49E3C /* IBBTextView.m */ = {isa = PBXFileReference; lastKnownFileType = sourcecode.c.objc; path = IBBTextView.m; sourceTree = "<group>"; };
/* End PBXFileReference section */

/* Begin PBXFrameworksBuildPhase section */
		4D06864E1FE945DF006F5D11 /* Frameworks */ = {
			isa = PBXFrameworksBuildPhase;
			buildActionMask = 2147483647;
			files = (
			);
			runOnlyForDeploymentPostprocessing = 0;
		};
		4D0686661FE945DF006F5D11 /* Frameworks */ = {
			isa = PBXFrameworksBuildPhase;
			buildActionMask = 2147483647;
			files = (
			);
			runOnlyForDeploymentPostprocessing = 0;
		};
		4D0686711FE945DF006F5D11 /* Frameworks */ = {
			isa = PBXFrameworksBuildPhase;
			buildActionMask = 2147483647;
			files = (
			);
			runOnlyForDeploymentPostprocessing = 0;
		};
/* End PBXFrameworksBuildPhase section */

/* Begin PBXGroup section */
		4D0686481FE945DF006F5D11 = {
			isa = PBXGroup;
			children = (
				4D0686531FE945DF006F5D11 /* BBTextView */,
				4D06866C1FE945DF006F5D11 /* BBTextViewTests */,
				4D0686771FE945DF006F5D11 /* BBTextViewUITests */,
				4D0686521FE945DF006F5D11 /* Products */,
			);
			sourceTree = "<group>";
		};
		4D0686521FE945DF006F5D11 /* Products */ = {
			isa = PBXGroup;
			children = (
				4D0686511FE945DF006F5D11 /* BBTextView.app */,
				4D0686691FE945DF006F5D11 /* BBTextViewTests.xctest */,
				4D0686741FE945DF006F5D11 /* BBTextViewUITests.xctest */,
			);
			name = Products;
			sourceTree = "<group>";
		};
		4D0686531FE945DF006F5D11 /* BBTextView */ = {
			isa = PBXGroup;
			children = (
				4D0686541FE945DF006F5D11 /* AppDelegate.h */,
				4D0686551FE945DF006F5D11 /* AppDelegate.m */,
				4D0686571FE945DF006F5D11 /* ViewController.h */,
				4D0686581FE945DF006F5D11 /* ViewController.m */,
				4D2DB8981FF21C8200B49E3C /* IBBTextView.h */,
				4D2DB8991FF21C8200B49E3C /* IBBTextView.m */,
				4D06865A1FE945DF006F5D11 /* Main.storyboard */,
				4D06865D1FE945DF006F5D11 /* Assets.xcassets */,
				4D06865F1FE945DF006F5D11 /* LaunchScreen.storyboard */,
				4D0686621FE945DF006F5D11 /* Info.plist */,
				4D0686631FE945DF006F5D11 /* main.m */,
			);
			path = BBTextView;
			sourceTree = "<group>";
		};
		4D06866C1FE945DF006F5D11 /* BBTextViewTests */ = {
			isa = PBXGroup;
			children = (
				4D06866D1FE945DF006F5D11 /* BBTextViewTests.m */,
				4D06866F1FE945DF006F5D11 /* Info.plist */,
			);
			path = BBTextViewTests;
			sourceTree = "<group>";
		};
		4D0686771FE945DF006F5D11 /* BBTextViewUITests */ = {
			isa = PBXGroup;
			children = (
				4D0686781FE945DF006F5D11 /* BBTextViewUITests.m */,
				4D06867A1FE945DF006F5D11 /* Info.plist */,
			);
			path = BBTextViewUITests;
			sourceTree = "<group>";
		};
/* End PBXGroup section */

/* Begin PBXNativeTarget section */
		4D0686501FE945DF006F5D11 /* BBTextView */ = {
			isa = PBXNativeTarget;
			buildConfigurationList = 4D06867D1FE945DF006F5D11 /* Build configuration list for PBXNativeTarget "BBTextView" */;
			buildPhases = (
				4D06864D1FE945DF006F5D11 /* Sources */,
				4D06864E1FE945DF006F5D11 /* Frameworks */,
				4D06864F1FE945DF006F5D11 /* Resources */,
			);
			buildRules = (
			);
			dependencies = (
			);
			name = BBTextView;
			productName = BBTextView;
			productReference = 4D0686511FE945DF006F5D11 /* BBTextView.app */;
			productType = "com.apple.product-type.application";
		};
		4D0686681FE945DF006F5D11 /* BBTextViewTests */ = {
			isa = PBXNativeTarget;
			buildConfigurationList = 4D0686801FE945DF006F5D11 /* Build configuration list for PBXNativeTarget "BBTextViewTests" */;
			buildPhases = (
				4D0686651FE945DF006F5D11 /* Sources */,
				4D0686661FE945DF006F5D11 /* Frameworks */,
				4D0686671FE945DF006F5D11 /* Resources */,
			);
			buildRules = (
			);
			dependencies = (
				4D06866B1FE945DF006F5D11 /* PBXTargetDependency */,
			);
			name = BBTextViewTests;
			productName = BBTextViewTests;
			productReference = 4D0686691FE945DF006F5D11 /* BBTextViewTests.xctest */;
			productType = "com.apple.product-type.bundle.unit-test";
		};
		4D0686731FE945DF006F5D11 /* BBTextViewUITests */ = {
			isa = PBXNativeTarget;
			buildConfigurationList = 4D0686831FE945DF006F5D11 /* Build configuration list for PBXNativeTarget "BBTextViewUITests" */;
			buildPhases = (
				4D0686701FE945DF006F5D11 /* Sources */,
				4D0686711FE945DF006F5D11 /* Frameworks */,
				4D0686721FE945DF006F5D11 /* Resources */,
			);
			buildRules = (
			);
			dependencies = (
				4D0686761FE945DF006F5D11 /* PBXTargetDependency */,
			);
			name = BBTextViewUITests;
			productName = BBTextViewUITests;
			productReference = 4D0686741FE945DF006F5D11 /* BBTextViewUITests.xctest */;
			productType = "com.apple.product-type.bundle.ui-testing";
		};
/* End PBXNativeTarget section */

/* Begin PBXProject section */
		4D0686491FE945DF006F5D11 /* Project object */ = {
			isa = PBXProject;
			attributes = {
				LastUpgradeCheck = 0900;
				ORGANIZATIONNAME = ibabyblue;
				TargetAttributes = {
					4D0686501FE945DF006F5D11 = {
						CreatedOnToolsVersion = 9.0.1;
						ProvisioningStyle = Automatic;
					};
					4D0686681FE945DF006F5D11 = {
						CreatedOnToolsVersion = 9.0.1;
						ProvisioningStyle = Automatic;
						TestTargetID = 4D0686501FE945DF006F5D11;
					};
					4D0686731FE945DF006F5D11 = {
						CreatedOnToolsVersion = 9.0.1;
						ProvisioningStyle = Automatic;
						TestTargetID = 4D0686501FE945DF006F5D11;
					};
				};
			};
			buildConfigurationList = 4D06864C1FE945DF006F5D11 /* Build configuration list for PBXProject "BBTextView" */;
			compatibilityVersion = "Xcode 8.0";
			developmentRegion = en;
			hasScannedForEncodings = 0;
			knownRegions = (
				en,
				Base,
			);
			mainGroup = 4D0686481FE945DF006F5D11;
			productRefGroup = 4D0686521FE945DF006F5D11 /* Products */;
			projectDirPath = "";
			projectRoot = "";
			targets = (
				4D0686501FE945DF006F5D11 /* BBTextView */,
				4D0686681FE945DF006F5D11 /* BBTextViewTests */,
				4D0686731FE945DF006F5D11 /* BBTextViewUITests */,
			);
		};
/* End PBXProject section */

/* Begin PBXResourcesBuildPhase section */
		4D06864F1FE945DF006F5D11 /* Resources */ = {
			isa = PBXResourcesBuildPhase;
			buildActionMask = 2147483647;
			files = (
				4D0686611FE945DF006F5D11 /* LaunchScreen.storyboard in Resources */,
				4D06865E1FE945DF006F5D11 /* Assets.xcassets in Resources */,
				4D06865C1FE945DF006F5D11 /* Main.storyboard in Resources */,
			);
			runOnlyForDeploymentPostprocessing = 0;
		};
		4D0686671FE945DF006F5D11 /* Resources */ = {
			isa = PBXResourcesBuildPhase;
			buildActionMask = 2147483647;
			files = (
			);
			runOnlyForDeploymentPostprocessing = 0;
		};
		4D0686721FE945DF006F5D11 /* Resources */ = {
			isa = PBXResourcesBuildPhase;
			buildActionMask = 2147483647;
			files = (
			);
			runOnlyForDeploymentPostprocessing = 0;
		};
/* End PBXResourcesBuildPhase section */

/* Begin PBXSourcesBuildPhase section */
		4D06864D1FE945DF006F5D11 /* Sources */ = {
			isa = PBXSourcesBuildPhase;
			buildActionMask = 2147483647;
			files = (
				4D0686591FE945DF006F5D11 /* ViewController.m in Sources */,
				4D0686641FE945DF006F5D11 /* main.m in Sources */,
				4D0686561FE945DF006F5D11 /* AppDelegate.m in Sources */,
				4D2DB89A1FF21C8200B49E3C /* IBBTextView.m in Sources */,
			);
			runOnlyForDeploymentPostprocessing = 0;
		};
		4D0686651FE945DF006F5D11 /* Sources */ = {
			isa = PBXSourcesBuildPhase;
			buildActionMask = 2147483647;
			files = (
				4D06866E1FE945DF006F5D11 /* BBTextViewTests.m in Sources */,
			);
			runOnlyForDeploymentPostprocessing = 0;
		};
		4D0686701FE945DF006F5D11 /* Sources */ = {
			isa = PBXSourcesBuildPhase;
			buildActionMask = 2147483647;
			files = (
				4D0686791FE945DF006F5D11 /* BBTextViewUITests.m in Sources */,
			);
			runOnlyForDeploymentPostprocessing = 0;
		};
/* End PBXSourcesBuildPhase section */

/* Begin PBXTargetDependency section */
		4D06866B1FE945DF006F5D11 /* PBXTargetDependency */ = {
			isa = PBXTargetDependency;
			target = 4D0686501FE945DF006F5D11 /* BBTextView */;
			targetProxy = 4D06866A1FE945DF006F5D11 /* PBXContainerItemProxy */;
		};
		4D0686761FE945DF006F5D11 /* PBXTargetDependency */ = {
			isa = PBXTargetDependency;
			target = 4D0686501FE945DF006F5D11 /* BBTextView */;
			targetProxy = 4D0686751FE945DF006F5D11 /* PBXContainerItemProxy */;
		};
/* End PBXTargetDependency section */

/* Begin PBXVariantGroup section */
		4D06865A1FE945DF006F5D11 /* Main.storyboard */ = {
			isa = PBXVariantGroup;
			children = (
				4D06865B1FE945DF006F5D11 /* Base */,
			);
			name = Main.storyboard;
			sourceTree = "<group>";
		};
		4D06865F1FE945DF006F5D11 /* LaunchScreen.storyboard */ = {
			isa = PBXVariantGroup;
			children = (
				4D0686601FE945DF006F5D11 /* Base */,
			);
			name = LaunchScreen.storyboard;
			sourceTree = "<group>";
		};
/* End PBXVariantGroup section */

/* Begin XCBuildConfiguration section */
		4D06867B1FE945DF006F5D11 /* Debug */ = {
			isa = XCBuildConfiguration;
			buildSettings = {
				ALWAYS_SEARCH_USER_PATHS = NO;
				CLANG_ANALYZER_NONNULL = YES;
				CLANG_ANALYZER_NUMBER_OBJECT_CONVERSION = YES_AGGRESSIVE;
				CLANG_CXX_LANGUAGE_STANDARD = "gnu++14";
				CLANG_CXX_LIBRARY = "libc++";
				CLANG_ENABLE_MODULES = YES;
				CLANG_ENABLE_OBJC_ARC = YES;
				CLANG_WARN_BLOCK_CAPTURE_AUTORELEASING = YES;
				CLANG_WARN_BOOL_CONVERSION = YES;
				CLANG_WARN_COMMA = YES;
				CLANG_WARN_CONSTANT_CONVERSION = YES;
				CLANG_WARN_DIRECT_OBJC_ISA_USAGE = YES_ERROR;
				CLANG_WARN_DOCUMENTATION_COMMENTS = YES;
				CLANG_WARN_EMPTY_BODY = YES;
				CLANG_WARN_ENUM_CONVERSION = YES;
				CLANG_WARN_INFINITE_RECURSION = YES;
				CLANG_WARN_INT_CONVERSION = YES;
				CLANG_WARN_NON_LITERAL_NULL_CONVERSION = YES;
				CLANG_WARN_OBJC_LITERAL_CONVERSION = YES;
				CLANG_WARN_OBJC_ROOT_CLASS = YES_ERROR;
				CLANG_WARN_RANGE_LOOP_ANALYSIS = YES;
				CLANG_WARN_STRICT_PROTOTYPES = YES;
				CLANG_WARN_SUSPICIOUS_MOVE = YES;
				CLANG_WARN_UNGUARDED_AVAILABILITY = YES_AGGRESSIVE;
				CLANG_WARN_UNREACHABLE_CODE = YES;
				CLANG_WARN__DUPLICATE_METHOD_MATCH = YES;
				CODE_SIGN_IDENTITY = "iPhone Developer";
				COPY_PHASE_STRIP = NO;
				DEBUG_INFORMATION_FORMAT = dwarf;
				ENABLE_STRICT_OBJC_MSGSEND = YES;
				ENABLE_TESTABILITY = YES;
				GCC_C_LANGUAGE_STANDARD = gnu11;
				GCC_DYNAMIC_NO_PIC = NO;
				GCC_NO_COMMON_BLOCKS = YES;
				GCC_OPTIMIZATION_LEVEL = 0;
				GCC_PREPROCESSOR_DEFINITIONS = (
					"DEBUG=1",
					"$(inherited)",
				);
				GCC_WARN_64_TO_32_BIT_CONVERSION = YES;
				GCC_WARN_ABOUT_RETURN_TYPE = YES_ERROR;
				GCC_WARN_UNDECLARED_SELECTOR = YES;
				GCC_WARN_UNINITIALIZED_AUTOS = YES_AGGRESSIVE;
				GCC_WARN_UNUSED_FUNCTION = YES;
				GCC_WARN_UNUSED_VARIABLE = YES;
				IPHONEOS_DEPLOYMENT_TARGET = 11.0;
				MTL_ENABLE_DEBUG_INFO = YES;
				ONLY_ACTIVE_ARCH = YES;
				SDKROOT = iphoneos;
			};
			name = Debug;
		};
		4D06867C1FE945DF006F5D11 /* Release */ = {
			isa = XCBuildConfiguration;
			buildSettings = {
				ALWAYS_SEARCH_USER_PATHS = NO;
				CLANG_ANALYZER_NONNULL = YES;
				CLANG_ANALYZER_NUMBER_OBJECT_CONVERSION = YES_AGGRESSIVE;
				CLANG_CXX_LANGUAGE_STANDARD = "gnu++14";
				CLANG_CXX_LIBRARY = "libc++";
				CLANG_ENABLE_MODULES = YES;
				CLANG_ENABLE_OBJC_ARC = YES;
				CLANG_WARN_BLOCK_CAPTURE_AUTORELEASING = YES;
				CLANG_WARN_BOOL_CONVERSION = YES;
				CLANG_WARN_COMMA = YES;
				CLANG_WARN_CONSTANT_CONVERSION = YES;
				CLANG_WARN_DIRECT_OBJC_ISA_USAGE = YES_ERROR;
				CLANG_WARN_DOCUMENTATION_COMMENTS = YES;
				CLANG_WARN_EMPTY_BODY = YES;
				CLANG_WARN_ENUM_CONVERSION = YES;
				CLANG_WARN_INFINITE_RECURSION = YES;
				CLANG_WARN_INT_CONVERSION = YES;
				CLANG_WARN_NON_LITERAL_NULL_CONVERSION = YES;
				CLANG_WARN_OBJC_LITERAL_CONVERSION = YES;
				CLANG_WARN_OBJC_ROOT_CLASS = YES_ERROR;
				CLANG_WARN_RANGE_LOOP_ANALYSIS = YES;
				CLANG_WARN_STRICT_PROTOTYPES = YES;
				CLANG_WARN_SUSPICIOUS_MOVE = YES;
				CLANG_WARN_UNGUARDED_AVAILABILITY = YES_AGGRESSIVE;
				CLANG_WARN_UNREACHABLE_CODE = YES;
				CLANG_WARN__DUPLICATE_METHOD_MATCH = YES;
				CODE_SIGN_IDENTITY = "iPhone Developer";
				COPY_PHASE_STRIP = NO;
				DEBUG_INFORMATION_FORMAT = "dwarf-with-dsym";
				ENABLE_NS_ASSERTIONS = NO;
				ENABLE_STRICT_OBJC_MSGSEND = YES;
				GCC_C_LANGUAGE_STANDARD = gnu11;
				GCC_NO_COMMON_BLOCKS = YES;
				GCC_WARN_64_TO_32_BIT_CONVERSION = YES;
				GCC_WARN_ABOUT_RETURN_TYPE = YES_ERROR;
				GCC_WARN_UNDECLARED_SELECTOR = YES;
				GCC_WARN_UNINITIALIZED_AUTOS = YES_AGGRESSIVE;
				GCC_WARN_UNUSED_FUNCTION = YES;
				GCC_WARN_UNUSED_VARIABLE = YES;
				IPHONEOS_DEPLOYMENT_TARGET = 11.0;
				MTL_ENABLE_DEBUG_INFO = NO;
				SDKROOT = iphoneos;
				VALIDATE_PRODUCT = YES;
			};
			name = Release;
		};
		4D06867E1FE945DF006F5D11 /* Debug */ = {
			isa = XCBuildConfiguration;
			buildSettings = {
				ASSETCATALOG_COMPILER_APPICON_NAME = AppIcon;
				CODE_SIGN_STYLE = Automatic;
				INFOPLIST_FILE = BBTextView/Info.plist;
				IPHONEOS_DEPLOYMENT_TARGET = 9.0;
				LD_RUNPATH_SEARCH_PATHS = "$(inherited) @executable_path/Frameworks";
				PRODUCT_BUNDLE_IDENTIFIER = com.ibabyblue.BBTextView;
				PRODUCT_NAME = "$(TARGET_NAME)";
				TARGETED_DEVICE_FAMILY = "1,2";
			};
			name = Debug;
		};
		4D06867F1FE945DF006F5D11 /* Release */ = {
			isa = XCBuildConfiguration;
			buildSettings = {
				ASSETCATALOG_COMPILER_APPICON_NAME = AppIcon;
				CODE_SIGN_STYLE = Automatic;
				INFOPLIST_FILE = BBTextView/Info.plist;
				IPHONEOS_DEPLOYMENT_TARGET = 9.0;
				LD_RUNPATH_SEARCH_PATHS = "$(inherited) @executable_path/Frameworks";
				PRODUCT_BUNDLE_IDENTIFIER = com.ibabyblue.BBTextView;
				PRODUCT_NAME = "$(TARGET_NAME)";
				TARGETED_DEVICE_FAMILY = "1,2";
			};
			name = Release;
		};
		4D0686811FE945DF006F5D11 /* Debug */ = {
			isa = XCBuildConfiguration;
			buildSettings = {
				BUNDLE_LOADER = "$(TEST_HOST)";
				CODE_SIGN_STYLE = Automatic;
				INFOPLIST_FILE = BBTextViewTests/Info.plist;
				LD_RUNPATH_SEARCH_PATHS = "$(inherited) @executable_path/Frameworks @loader_path/Frameworks";
				PRODUCT_BUNDLE_IDENTIFIER = com.ibabyblue.BBTextView.BBTextViewTests;
				PRODUCT_NAME = "$(TARGET_NAME)";
				TARGETED_DEVICE_FAMILY = "1,2";
				TEST_HOST = "$(BUILT_PRODUCTS_DIR)/BBTextView.app/BBTextView";
			};
			name = Debug;
		};
		4D0686821FE945DF006F5D11 /* Release */ = {
			isa = XCBuildConfiguration;
			buildSettings = {
				BUNDLE_LOADER = "$(TEST_HOST)";
				CODE_SIGN_STYLE = Automatic;
				INFOPLIST_FILE = BBTextViewTests/Info.plist;
				LD_RUNPATH_SEARCH_PATHS = "$(inherited) @executable_path/Frameworks @loader_path/Frameworks";
				PRODUCT_BUNDLE_IDENTIFIER = com.ibabyblue.BBTextView.BBTextViewTests;
				PRODUCT_NAME = "$(TARGET_NAME)";
				TARGETED_DEVICE_FAMILY = "1,2";
				TEST_HOST = "$(BUILT_PRODUCTS_DIR)/BBTextView.app/BBTextView";
			};
			name = Release;
		};
		4D0686841FE945DF006F5D11 /* Debug */ = {
			isa = XCBuildConfiguration;
			buildSettings = {
				CODE_SIGN_STYLE = Automatic;
				INFOPLIST_FILE = BBTextViewUITests/Info.plist;
				LD_RUNPATH_SEARCH_PATHS = "$(inherited) @executable_path/Frameworks @loader_path/Frameworks";
				PRODUCT_BUNDLE_IDENTIFIER = com.ibabyblue.BBTextView.BBTextViewUITests;
				PRODUCT_NAME = "$(TARGET_NAME)";
				TARGETED_DEVICE_FAMILY = "1,2";
				TEST_TARGET_NAME = BBTextView;
			};
			name = Debug;
		};
		4D0686851FE945DF006F5D11 /* Release */ = {
			isa = XCBuildConfiguration;
			buildSettings = {
				CODE_SIGN_STYLE = Automatic;
				INFOPLIST_FILE = BBTextViewUITests/Info.plist;
				LD_RUNPATH_SEARCH_PATHS = "$(inherited) @executable_path/Frameworks @loader_path/Frameworks";
				PRODUCT_BUNDLE_IDENTIFIER = com.ibabyblue.BBTextView.BBTextViewUITests;
				PRODUCT_NAME = "$(TARGET_NAME)";
				TARGETED_DEVICE_FAMILY = "1,2";
				TEST_TARGET_NAME = BBTextView;
			};
			name = Release;
		};
/* End XCBuildConfiguration section */

/* Begin XCConfigurationList section */
		4D06864C1FE945DF006F5D11 /* Build configuration list for PBXProject "BBTextView" */ = {
			isa = XCConfigurationList;
			buildConfigurations = (
				4D06867B1FE945DF006F5D11 /* Debug */,
				4D06867C1FE945DF006F5D11 /* Release */,
			);
			defaultConfigurationIsVisible = 0;
			defaultConfigurationName = Release;
		};
		4D06867D1FE945DF006F5D11 /* Build configuration list for PBXNativeTarget "BBTextView" */ = {
			isa = XCConfigurationList;
			buildConfigurations = (
				4D06867E1FE945DF006F5D11 /* Debug */,
				4D06867F1FE945DF006F5D11 /* Release */,
			);
			defaultConfigurationIsVisible = 0;
			defaultConfigurationName = Release;
		};
		4D0686801FE945DF006F5D11 /* Build configuration list for PBXNativeTarget "BBTextViewTests" */ = {
			isa = XCConfigurationList;
			buildConfigurations = (
				4D0686811FE945DF006F5D11 /* Debug */,
				4D0686821FE945DF006F5D11 /* Release */,
			);
			defaultConfigurationIsVisible = 0;
			defaultConfigurationName = Release;
		};
		4D0686831FE945DF006F5D11 /* Build configuration list for PBXNativeTarget "BBTextViewUITests" */ = {
			isa = XCConfigurationList;
			buildConfigurations = (
				4D0686841FE945DF006F5D11 /* Debug */,
				4D0686851FE945DF006F5D11 /* Release */,
			);
			defaultConfigurationIsVisible = 0;
			defaultConfigurationName = Release;
		};
/* End XCConfigurationList section */
	};
	rootObject = 4D0686491FE945DF006F5D11 /* Project object */;
}
